
Microsoft Visual Studio Solution File, Format Version 12.00
# Visual Studio 15
VisualStudioVersion = 15.0.28307.106
MinimumVisualStudioVersion = 10.0.40219.1
Project("{FAE04EC0-301F-11D3-BF4B-00C04F79EFBC}") = "AppTestICT_Ver1", "AppTestICT_Ver1\AppTestICT_Ver1.csproj", "{44455EC0-DA66-4E7C-8D5C-74FFF8C07DD4}"
EndProject
Project("{2150E333-8FDC-42A3-9474-1A3956D46DE8}") = "PowerSupply", "PowerSupply", "{3973B399-45B3-4A74-AD6E-67C3F182CFA0}"
EndProject
Project("{2150E333-8FDC-42A3-9474-1A3956D46DE8}") = "SwitchCard", "SwitchCard", "{CEAD824E-8C56-4CCA-B3ED-FB64BA587482}"
EndProject
Project("{2150E333-8FDC-42A3-9474-1A3956D46DE8}") = "Protocol", "Protocol", "{214367B3-5CFA-4987-80C9-ADD3C8CDCD71}"
EndProject
Project("{FAE04EC0-301F-11D3-BF4B-00C04F79EFBC}") = "Protocol", "Protocol\Protocol.csproj", "{A8DF33D6-FCF6-4B22-88E6-D35E3D31A736}"
EndProject
Project("{2150E333-8FDC-42A3-9474-1A3956D46DE8}") = "Equipment", "Equipment", "{CDA67469-9A1F-4296-871E-88EB5F4D1011}"
EndProject
Project("{FAE04EC0-301F-11D3-BF4B-00C04F79EFBC}") = "Equipment", "Equipment\Equipment.csproj", "{F11E3C60-337E-4EA8-A165-AD813F1F8D6C}"
EndProject
Project("{2150E333-8FDC-42A3-9474-1A3956D46DE8}") = "Multimeter", "Multimeter", "{2BDE48A3-6A0A-4A20-89B4-4220278D773A}"
EndProject
Project("{FAE04EC0-301F-11D3-BF4B-00C04F79EFBC}") = "Keithley2110", "Keithley2110\Keithley2110.csproj", "{3CC5D6D9-CBBE-4A1F-9D94-A38F5BE755B4}"
EndProject
Project("{FAE04EC0-301F-11D3-BF4B-00C04F79EFBC}") = "Pickering50635005", "Pickering50635005\Pickering50635005.csproj", "{744F7B12-5BDE-4FC8-B931-977DB6A37A8B}"
EndProject
Project("{FAE04EC0-301F-11D3-BF4B-00C04F79EFBC}") = "AgilentE3632A", "AgilentE3632A\AgilentE3632A.csproj", "{E5DB9A9A-FDAF-4423-B363-4969E88F89D1}"
EndProject
Project("{FAE04EC0-301F-11D3-BF4B-00C04F79EFBC}") = "VnptSwitchModuleVer1", "VnptSwitchModuleVer1\VnptSwitchModuleVer1.csproj", "{D226EE92-7A2B-49B0-937E-5D8911017EF3}"
EndProject
Global
	GlobalSection(SolutionConfigurationPlatforms) = preSolution
		Debug|Any CPU = Debug|Any CPU
		Release|Any CPU = Release|Any CPU
	EndGlobalSection
	GlobalSection(ProjectConfigurationPlatforms) = postSolution
		{44455EC0-DA66-4E7C-8D5C-74FFF8C07DD4}.Debug|Any CPU.ActiveCfg = Debug|Any CPU
		{44455EC0-DA66-4E7C-8D5C-74FFF8C07DD4}.Debug|Any CPU.Build.0 = Debug|Any CPU
		{44455EC0-DA66-4E7C-8D5C-74FFF8C07DD4}.Release|Any CPU.ActiveCfg = Release|Any CPU
		{44455EC0-DA66-4E7C-8D5C-74FFF8C07DD4}.Release|Any CPU.Build.0 = Release|Any CPU
		{A8DF33D6-FCF6-4B22-88E6-D35E3D31A736}.Debug|Any CPU.ActiveCfg = Debug|Any CPU
		{A8DF33D6-FCF6-4B22-88E6-D35E3D31A736}.Debug|Any CPU.Build.0 = Debug|Any CPU
		{A8DF33D6-FCF6-4B22-88E6-D35E3D31A736}.Release|Any CPU.ActiveCfg = Release|Any CPU
		{A8DF33D6-FCF6-4B22-88E6-D35E3D31A736}.Release|Any CPU.Build.0 = Release|Any CPU
		{F11E3C60-337E-4EA8-A165-AD813F1F8D6C}.Debug|Any CPU.ActiveCfg = Debug|Any CPU
		{F11E3C60-337E-4EA8-A165-AD813F1F8D6C}.Debug|Any CPU.Build.0 = Debug|Any CPU
		{F11E3C60-337E-4EA8-A165-AD813F1F8D6C}.Release|Any CPU.ActiveCfg = Release|Any CPU
		{F11E3C60-337E-4EA8-A165-AD813F1F8D6C}.Release|Any CPU.Build.0 = Release|Any CPU
		{3CC5D6D9-CBBE-4A1F-9D94-A38F5BE755B4}.Debug|Any CPU.ActiveCfg = Debug|Any CPU
		{3CC5D6D9-CBBE-4A1F-9D94-A38F5BE755B4}.Debug|Any CPU.Build.0 = Debug|Any CPU
		{3CC5D6D9-CBBE-4A1F-9D94-A38F5BE755B4}.Release|Any CPU.ActiveCfg = Release|Any CPU
		{3CC5D6D9-CBBE-4A1F-9D94-A38F5BE755B4}.Release|Any CPU.Build.0 = Release|Any CPU
		{744F7B12-5BDE-4FC8-B931-977DB6A37A8B}.Debug|Any CPU.ActiveCfg = Debug|Any CPU
		{744F7B12-5BDE-4FC8-B931-977DB6A37A8B}.Debug|Any CPU.Build.0 = Debug|Any CPU
		{744F7B12-5BDE-4FC8-B931-977DB6A37A8B}.Release|Any CPU.ActiveCfg = Release|Any CPU
		{744F7B12-5BDE-4FC8-B931-977DB6A37A8B}.Release|Any CPU.Build.0 = Release|Any CPU
		{E5DB9A9A-FDAF-4423-B363-4969E88F89D1}.Debug|Any CPU.ActiveCfg = Debug|Any CPU
		{E5DB9A9A-FDAF-4423-B363-4969E88F89D1}.Debug|Any CPU.Build.0 = Debug|Any CPU
		{E5DB9A9A-FDAF-4423-B363-4969E88F89D1}.Release|Any CPU.ActiveCfg = Release|Any CPU
		{E5DB9A9A-FDAF-4423-B363-4969E88F89D1}.Release|Any CPU.Build.0 = Release|Any CPU
		{D226EE92-7A2B-49B0-937E-5D8911017EF3}.Debug|Any CPU.ActiveCfg = Debug|Any CPU
		{D226EE92-7A2B-49B0-937E-5D8911017EF3}.Debug|Any CPU.Build.0 = Debug|Any CPU
		{D226EE92-7A2B-49B0-937E-5D8911017EF3}.Release|Any CPU.ActiveCfg = Release|Any CPU
		{D226EE92-7A2B-49B0-937E-5D8911017EF3}.Release|Any CPU.Build.0 = Release|Any CPU
	EndGlobalSection
	GlobalSection(SolutionProperties) = preSolution
		HideSolutionNode = FALSE
	EndGlobalSection
	GlobalSection(NestedProjects) = preSolution
		{A8DF33D6-FCF6-4B22-88E6-D35E3D31A736} = {214367B3-5CFA-4987-80C9-ADD3C8CDCD71}
		{F11E3C60-337E-4EA8-A165-AD813F1F8D6C} = {CDA67469-9A1F-4296-871E-88EB5F4D1011}
		{3CC5D6D9-CBBE-4A1F-9D94-A38F5BE755B4} = {2BDE48A3-6A0A-4A20-89B4-4220278D773A}
		{744F7B12-5BDE-4FC8-B931-977DB6A37A8B} = {CEAD824E-8C56-4CCA-B3ED-FB64BA587482}
		{E5DB9A9A-FDAF-4423-B363-4969E88F89D1} = {3973B399-45B3-4A74-AD6E-67C3F182CFA0}
		{D226EE92-7A2B-49B0-937E-5D8911017EF3} = {CEAD824E-8C56-4CCA-B3ED-FB64BA587482}
	EndGlobalSection
	GlobalSection(ExtensibilityGlobals) = postSolution
		SolutionGuid = {0CE9ACD7-C522-42DA-A8C8-85BD483B656F}
	EndGlobalSection
EndGlobal
